<?xml version="1.0" encoding="utf-8"?>
<Project ToolsVersion="4.0" xmlns="http://schemas.microsoft.com/developer/msbuild/2003">
  <ItemGroup>
    <Filter Include="Source Files">
      <UniqueIdentifier>{4FC737F1-C7A5-4376-A066-2A32D752A2FF}</UniqueIdentifier>
      <Extensions>cpp;c;cc;cxx;def;odl;idl;hpj;bat;asm;asmx</Extensions>
    </Filter>
    <Filter Include="Header Files">
      <UniqueIdentifier>{93995380-89BD-4b04-88EB-625FBE52EBFB}</UniqueIdentifier>
      <Extensions>h;hpp;hxx;hm;inl;inc;xsd</Extensions>
    </Filter>
    <Filter Include="Resource Files">
      <UniqueIdentifier>{67DA6AB6-F800-4c08-8B7A-83BB121AAD01}</UniqueIdentifier>
      <Extensions>rc;ico;cur;bmp;dlg;rc2;rct;bin;rgs;gif;jpg;jpeg;jpe;resx;tiff;tif;png;wav;mfcribbon-ms</Extensions>
    </Filter>
    <Filter Include="engine">
      <UniqueIdentifier>{13380706-6cc1-4fa9-a0c6-11d4cb888b79}</UniqueIdentifier>
    </Filter>
    <Filter Include="engine\source files">
      <UniqueIdentifier>{a4f2329e-deb5-439b-a1bf-53d3b113f256}</UniqueIdentifier>
    </Filter>
    <Filter Include="engine\header files">
      <UniqueIdentifier>{0b4c0c2c-7083-45b8-997e-94f9acc4b4ad}</UniqueIdentifier>
    </Filter>
  </ItemGroup>
  <ItemGroup>
    <ClInclude Include="include\utils.h">
      <Filter>Header Files</Filter>
    </ClInclude>
    <ClInclude Include="include\game.h">
      <Filter>engine\header files</Filter>
    </ClInclude>
    <ClInclude Include="include\texture.h">
      <Filter>engine\header files</Filter>
    </ClInclude>
    <ClInclude Include="include\tiles.h">
      <Filter>engine\header files</Filter>
    </ClInclude>
    <ClInclude Include="include\map.h">
      <Filter>engine\header files</Filter>
    </ClInclude>
    <ClInclude Include="include\linkedlist.h">
      <Filter>engine\header files</Filter>
    </ClInclude>
    <ClInclude Include="include\entity.h">
      <Filter>engine\header files</Filter>
    </ClInclude>
    <ClInclude Include="include\animation.h">
      <Filter>engine\header files</Filter>
    </ClInclude>
  </ItemGroup>
  <ItemGroup>
    <ClCompile Include="src\main.cpp">
      <Filter>Source Files</Filter>
    </ClCompile>
    <ClCompile Include="src\utils.cpp">
      <Filter>Source Files</Filter>
    </ClCompile>
    <ClCompile Include="src\game.cpp">
      <Filter>engine\source files</Filter>
    </ClCompile>
    <ClCompile Include="src\map.cpp">
      <Filter>engine\source files</Filter>
    </ClCompile>
    <ClCompile Include="src\texture.cpp">
      <Filter>engine\source files</Filter>
    </ClCompile>
    <ClCompile Include="src\tiles.cpp">
      <Filter>engine\source files</Filter>
    </ClCompile>
    <ClCompile Include="src\linkedlist.cpp">
      <Filter>engine\source files</Filter>
    </ClCompile>
    <ClCompile Include="src\entity.cpp">
      <Filter>engine\source files</Filter>
    </ClCompile>
    <ClCompile Include="include\include.h">
      <Filter>engine\header files</Filter>
    </ClCompile>
    <ClCompile Include="src\animation.cpp">
      <Filter>engine\source files</Filter>
    </ClCompile>
  </ItemGroup>
</Project>